
Microsoft Visual Studio Solution File, Format Version 12.00
# Visual Studio Version 17
VisualStudioVersion = 17.14.36203.30
MinimumVisualStudioVersion = 10.0.40219.1
Project("{FAE04EC0-301F-11D3-BF4B-00C04F79EFBC}") = "Quick_CommerceApiForEx", "Quick_CommerceApiForEx.csproj", "{063EBA69-CD5C-4782-B65D-D01434F35152}"
EndProject
Global
	GlobalSection(SolutionConfigurationPlatforms) = preSolution
		Debug|Any CPU = Debug|Any CPU
		Release|Any CPU = Release|Any CPU
	EndGlobalSection
	GlobalSection(ProjectConfigurationPlatforms) = postSolution
		{063EBA69-CD5C-4782-B65D-D01434F35152}.Debug|Any CPU.ActiveCfg = Debug|Any CPU
		{063EBA69-CD5C-4782-B65D-D01434F35152}.Debug|Any CPU.Build.0 = Debug|Any CPU
		{063EBA69-CD5C-4782-B65D-D01434F35152}.Release|Any CPU.ActiveCfg = Release|Any CPU
		{063EBA69-CD5C-4782-B65D-D01434F35152}.Release|Any CPU.Build.0 = Release|Any CPU
	EndGlobalSection
	GlobalSection(SolutionProperties) = preSolution
		HideSolutionNode = FALSE
	EndGlobalSection
	GlobalSection(ExtensibilityGlobals) = postSolution
		SolutionGuid = {0DFC3352-4A5D-4E60-B49B-01F870AC41F4}
	EndGlobalSection
EndGlobal
